
Microsoft Visual Studio Solution File, Format Version 12.00
# Visual Studio Version 16
VisualStudioVersion = 16.0.29613.14
MinimumVisualStudioVersion = 10.0.40219.1
Project("{FAE04EC0-301F-11D3-BF4B-00C04F79EFBC}") = "B_FCDiseñoVigas", "B_FCDiseñoVigas.csproj", "{296968BD-2AD0-4FA4-804B-EBAA30B1E488}"
EndProject
Global
	GlobalSection(SolutionConfigurationPlatforms) = preSolution
		Debug|Any CPU = Debug|Any CPU
		Release|Any CPU = Release|Any CPU
	EndGlobalSection
	GlobalSection(ProjectConfigurationPlatforms) = postSolution
		{296968BD-2AD0-4FA4-804B-EBAA30B1E488}.Debug|Any CPU.ActiveCfg = Debug|Any CPU
		{296968BD-2AD0-4FA4-804B-EBAA30B1E488}.Debug|Any CPU.Build.0 = Debug|Any CPU
		{296968BD-2AD0-4FA4-804B-EBAA30B1E488}.Release|Any CPU.ActiveCfg = Release|Any CPU
		{296968BD-2AD0-4FA4-804B-EBAA30B1E488}.Release|Any CPU.Build.0 = Release|Any CPU
	EndGlobalSection
	GlobalSection(SolutionProperties) = preSolution
		HideSolutionNode = FALSE
	EndGlobalSection
	GlobalSection(ExtensibilityGlobals) = postSolution
		SolutionGuid = {E48397B7-1D3C-4190-A599-E40F2869616B}
	EndGlobalSection
EndGlobal
